{
  "name": "quickstart",
  "version": "0.0.1",
  "lockfileVersion": 1,
  "requires": true,
  "dependencies": {
    "@gota/boot": {
      "version": "0.0.13",
      "resolved": "https://registry.npmjs.org/@gota/boot/-/boot-0.0.13.tgz",
      "integrity": "sha512-ei7Z6P5uXZYe+fJZl5NpGpvdS/66Pmk9EJ6SGviE99+IPSQ+zrvwjRyaANV01reEv0Gs4SNIKCja6M4M8shY5Q==",
      "requires": {
        "@gota/dao": "^0.0.4",
        "@gota/server": "^0.0.2",
        "@gota/service": "^0.0.3",
        "http": "0.0.0",
        "reflect-metadata": "^0.1.10"
      }
    },
    "@gota/core": {
      "version": "0.0.6",
      "resolved": "https://registry.npmjs.org/@gota/core/-/core-0.0.6.tgz",
      "integrity": "sha512-aiEL8+Tt/3FBL/i9WBH+yxrhWujGilwCZC41P7o7LE1vdV/LDFjfPoLdIyWdmsROw8PZBGOaca1HQx7unXb7WA==",
      "requires": {
        "reflect-metadata": "^0.1.12"
      }
    },
    "@gota/dao": {
      "version": "0.0.4",
      "resolved": "https://registry.npmjs.org/@gota/dao/-/dao-0.0.4.tgz",
      "integrity": "sha512-+V4DZg41RhPMc/eZok4sNLo1TTAZQ8gfYYEScFn267dZuEpwznfUKvJ4xQ3R1eCcVIlHfolMBqH3wpcYcccH2A==",
      "requires": {
        "@gota/core": "^0.0.6",
        "@gota/injection": "^0.0.3",
        "mongodb": "^3.1.0",
        "reflect-metadata": "^0.1.10"
      },
      "dependencies": {
        "bson": {
          "version": "1.1.0",
          "resolved": "https://registry.npmjs.org/bson/-/bson-1.1.0.tgz",
          "integrity": "sha512-9Aeai9TacfNtWXOYarkFJRW2CWo+dRon+fuLZYJmvLV3+MiUp0bEI6IAZfXEIg7/Pl/7IWlLaDnhzTsD81etQA=="
        },
        "mongodb": {
          "version": "3.1.10",
          "resolved": "https://registry.npmjs.org/mongodb/-/mongodb-3.1.10.tgz",
          "integrity": "sha512-Uml42GeFxhTGQVml1XQ4cD0o/rp7J2ROy0fdYUcVitoE7vFqEhKH4TYVqRDpQr/bXtCJVxJdNQC1ntRxNREkPQ==",
          "requires": {
            "mongodb-core": "3.1.9",
            "safe-buffer": "^5.1.2"
          }
        },
        "mongodb-core": {
          "version": "3.1.9",
          "resolved": "https://registry.npmjs.org/mongodb-core/-/mongodb-core-3.1.9.tgz",
          "integrity": "sha512-MJpciDABXMchrZphh3vMcqu8hkNf/Mi+Gk6btOimVg1XMxLXh87j6FAvRm+KmwD1A9fpu3qRQYcbQe4egj23og==",
          "requires": {
            "bson": "^1.1.0",
            "require_optional": "^1.0.1",
            "safe-buffer": "^5.1.2",
            "saslprep": "^1.0.0"
          }
        }
      }
    },
    "@gota/injection": {
      "version": "0.0.3",
      "resolved": "https://registry.npmjs.org/@gota/injection/-/injection-0.0.3.tgz",
      "integrity": "sha512-n6nbiWnIMzNzvd/T/0GzTPi1QNKTXVAxjN28BU/rTt96wV4QexsUgSPHbI+Ne1vNvSxwsEmjp7sJ6CmFLZ7WEg==",
      "requires": {
        "reflect-metadata": "^0.1.12"
      }
    },
    "@gota/server": {
      "version": "0.0.2",
      "resolved": "https://registry.npmjs.org/@gota/server/-/server-0.0.2.tgz",
      "integrity": "sha512-/GpM+axj9BFTLzzuKnBr6Q+5vpnWFsPRnuvAI5e5JRm4kuAlYHm2AnWnQbzuBKtTdSZD17rd9WdYe7LFaVEI1g==",
      "requires": {
        "http": "0.0.0",
        "reflect-metadata": "^0.1.12",
        "url": "^0.11.0"
      }
    },
    "@gota/service": {
      "version": "0.0.3",
      "resolved": "https://registry.npmjs.org/@gota/service/-/service-0.0.3.tgz",
      "integrity": "sha512-U4RzwsPp6hZpyqvphR1pVnhyx+aji4wM9/2L/B4cIlxzFxxbkkdZlOTgYPQ+jLcvyuD6eFhc4JhvcVAXyTVJWw==",
      "requires": {
        "@gota/core": "^0.0.6",
        "reflect-metadata": "^0.1.12"
      }
    },
    "@types/body-parser": {
      "version": "1.16.7",
      "resolved": "https://registry.npmjs.org/@types/body-parser/-/body-parser-1.16.7.tgz",
      "integrity": "sha512-Obn1/GG0sYsnlAlhhSR1hvYRGBpQT+fzSi2IlGN8emCE4iu6f6xIjaq499B1sa7N9iBLzxyOUBo5bzgJd16BvA==",
      "requires": {
        "@types/express": "*",
        "@types/node": "*"
      }
    },
    "@types/compression": {
      "version": "0.0.34",
      "resolved": "https://registry.npmjs.org/@types/compression/-/compression-0.0.34.tgz",
      "integrity": "sha512-NUEw+1DmdMFjVXSaSYf0okgyrnydH7q2DpWTA5/M5lgsUzwut0Ir8qgkTKCavM558CXhNrj5TTTqe3WCfUHMAQ==",
      "requires": {
        "@types/express": "*"
      }
    },
    "@types/express": {
      "version": "4.0.39",
      "resolved": "https://registry.npmjs.org/@types/express/-/express-4.0.39.tgz",
      "integrity": "sha512-dBUam7jEjyuEofigUXCtublUHknRZvcRgITlGsTbFgPvnTwtQUt2NgLakbsf+PsGo/Nupqr3IXCYsOpBpofyrA==",
      "requires": {
        "@types/body-parser": "*",
        "@types/express-serve-static-core": "*",
        "@types/serve-static": "*"
      }
    },
    "@types/express-serve-static-core": {
      "version": "4.0.56",
      "resolved": "https://registry.npmjs.org/@types/express-serve-static-core/-/express-serve-static-core-4.0.56.tgz",
      "integrity": "sha512-/0nwIzF1Bd4KGwW4lhDZYi5StmCZG1DIXXMfQ/zjORzlm4+F1eRA4c6yJQrt4hqX//TDtPULpSlYwmSNyCMeMg==",
      "requires": {
        "@types/node": "*"
      }
    },
    "@types/mime": {
      "version": "2.0.0",
      "resolved": "https://registry.npmjs.org/@types/mime/-/mime-2.0.0.tgz",
      "integrity": "sha512-A2TAGbTFdBw9azHbpVd+/FkdW2T6msN1uct1O9bH3vTerEHKZhTXJUQXy+hNq1B0RagfU8U+KBdqiZpxjhOUQA=="
    },
    "@types/node": {
      "version": "8.0.49",
      "resolved": "https://registry.npmjs.org/@types/node/-/node-8.0.49.tgz",
      "integrity": "sha512-Oq3cV/mrMKy6Tv42llfS8YIH30ooDdhbJ40h1zoWl+goOJw8Kjy8j8RfjGZtZIUDO0gLwCfcbYM7+LModnbeMw=="
    },
    "@types/serve-static": {
      "version": "1.13.0",
      "resolved": "https://registry.npmjs.org/@types/serve-static/-/serve-static-1.13.0.tgz",
      "integrity": "sha512-wvQkePwCDZoyQPGb64DTl2TEeLw54CQFXjY+tznxYYxNcBb4LG40ezoVbMDa0epwE4yogB0f42jCaH0356x5Mg==",
      "requires": {
        "@types/express-serve-static-core": "*",
        "@types/mime": "*"
      }
    },
    "http": {
      "version": "0.0.0",
      "resolved": "https://registry.npmjs.org/http/-/http-0.0.0.tgz",
      "integrity": "sha1-huYybSnF0Dnen6xYSkVon5KfT3I="
    },
    "memory-pager": {
      "version": "1.1.0",
      "resolved": "https://registry.npmjs.org/memory-pager/-/memory-pager-1.1.0.tgz",
      "integrity": "sha512-Mf9OHV/Y7h6YWDxTzX/b4ZZ4oh9NSXblQL8dtPCOomOtZciEHxePR78+uHFLLlsk01A6jVHhHsQZZ/WcIPpnzg==",
      "optional": true
    },
    "punycode": {
      "version": "1.3.2",
      "resolved": "https://registry.npmjs.org/punycode/-/punycode-1.3.2.tgz",
      "integrity": "sha1-llOgNvt8HuQjQvIyXM7v6jkmxI0="
    },
    "querystring": {
      "version": "0.2.0",
      "resolved": "https://registry.npmjs.org/querystring/-/querystring-0.2.0.tgz",
      "integrity": "sha1-sgmEkgO7Jd+CDadW50cAWHhSFiA="
    },
    "reflect-metadata": {
      "version": "0.1.12",
      "resolved": "https://registry.npmjs.org/reflect-metadata/-/reflect-metadata-0.1.12.tgz",
      "integrity": "sha512-n+IyV+nGz3+0q3/Yf1ra12KpCyi001bi4XFxSjbiWWjfqb52iTTtpGXmCCAOWWIAn9KEuFZKGqBERHmrtScZ3A=="
    },
    "require_optional": {
      "version": "1.0.1",
      "resolved": "https://registry.npmjs.org/require_optional/-/require_optional-1.0.1.tgz",
      "integrity": "sha512-qhM/y57enGWHAe3v/NcwML6a3/vfESLe/sGM2dII+gEO0BpKRUkWZow/tyloNqJyN6kXSl3RyyM8Ll5D/sJP8g==",
      "requires": {
        "resolve-from": "^2.0.0",
        "semver": "^5.1.0"
      }
    },
    "resolve-from": {
      "version": "2.0.0",
      "resolved": "https://registry.npmjs.org/resolve-from/-/resolve-from-2.0.0.tgz",
      "integrity": "sha1-lICrIOlP+h2egKgEx+oUdhGWa1c="
    },
    "safe-buffer": {
      "version": "5.1.2",
      "resolved": "https://registry.npmjs.org/safe-buffer/-/safe-buffer-5.1.2.tgz",
      "integrity": "sha512-Gd2UZBJDkXlY7GbJxfsE8/nvKkUEU1G38c1siN6QP6a9PT9MmHB8GnpscSmMJSoF8LOIrt8ud/wPtojys4G6+g=="
    },
    "saslprep": {
      "version": "1.0.2",
      "resolved": "https://registry.npmjs.org/saslprep/-/saslprep-1.0.2.tgz",
      "integrity": "sha512-4cDsYuAjXssUSjxHKRe4DTZC0agDwsCqcMqtJAQPzC74nJ7LfAJflAtC1Zed5hMzEQKj82d3tuzqdGNRsLJ4Gw==",
      "optional": true,
      "requires": {
        "sparse-bitfield": "^3.0.3"
      }
    },
    "semver": {
      "version": "5.5.0",
      "resolved": "https://registry.npmjs.org/semver/-/semver-5.5.0.tgz",
      "integrity": "sha512-4SJ3dm0WAwWy/NVeioZh5AntkdJoWKxHxcmyP622fOkgHa4z3R0TdBJICINyaSDE6uNwVc8gZr+ZinwZAH4xIA=="
    },
    "sparse-bitfield": {
      "version": "3.0.3",
      "resolved": "https://registry.npmjs.org/sparse-bitfield/-/sparse-bitfield-3.0.3.tgz",
      "integrity": "sha1-/0rm5oZWBWuks+eSqzM004JzyhE=",
      "optional": true,
      "requires": {
        "memory-pager": "^1.0.2"
      }
    },
    "typescript": {
      "version": "2.8.3",
      "resolved": "https://registry.npmjs.org/typescript/-/typescript-2.8.3.tgz",
      "integrity": "sha512-K7g15Bb6Ra4lKf7Iq2l/I5/En+hLIHmxWZGq3D4DIRNFxMNV6j2SHSvDOqs2tGd4UvD/fJvrwopzQXjLrT7Itw==",
      "dev": true
    },
    "url": {
      "version": "0.11.0",
      "resolved": "https://registry.npmjs.org/url/-/url-0.11.0.tgz",
      "integrity": "sha1-ODjpfPxgUh63PFJajlW/3Z4uKPE=",
      "requires": {
        "punycode": "1.3.2",
        "querystring": "0.2.0"
      }
    }
  }
}
